
Microsoft Visual Studio Solution File, Format Version 12.00
# Visual Studio Version 17
VisualStudioVersion = 17.2.32630.192
MinimumVisualStudioVersion = 10.0.40219.1
Project("{FAE04EC0-301F-11D3-BF4B-00C04F79EFBC}") = "Verificador de Puntaje", "Verificador de Puntaje\Verificador de Puntaje.csproj", "{903003FB-A286-4674-94C2-B5A593B5E7B6}"
EndProject
Global
	GlobalSection(SolutionConfigurationPlatforms) = preSolution
		Debug|Any CPU = Debug|Any CPU
		Release|Any CPU = Release|Any CPU
	EndGlobalSection
	GlobalSection(ProjectConfigurationPlatforms) = postSolution
		{903003FB-A286-4674-94C2-B5A593B5E7B6}.Debug|Any CPU.ActiveCfg = Debug|Any CPU
		{903003FB-A286-4674-94C2-B5A593B5E7B6}.Debug|Any CPU.Build.0 = Debug|Any CPU
		{903003FB-A286-4674-94C2-B5A593B5E7B6}.Release|Any CPU.ActiveCfg = Release|Any CPU
		{903003FB-A286-4674-94C2-B5A593B5E7B6}.Release|Any CPU.Build.0 = Release|Any CPU
	EndGlobalSection
	GlobalSection(SolutionProperties) = preSolution
		HideSolutionNode = FALSE
	EndGlobalSection
	GlobalSection(ExtensibilityGlobals) = postSolution
		SolutionGuid = {25A87467-7A48-43CC-AC7A-AC3F00F45B84}
	EndGlobalSection
EndGlobal
